// !$*UTF8*$!
{
	archiveVersion = 1;
	classes = {
	};
	objectVersion = 50;
	objects = {

/* Begin PBXBuildFile section */
		65F227FB2609609300FAD094 /* AppDelegate.swift in Sources */ = {isa = PBXBuildFile; fileRef = 65F227FA2609609300FAD094 /* AppDelegate.swift */; };
		65F227FD2609609300FAD094 /* SceneDelegate.swift in Sources */ = {isa = PBXBuildFile; fileRef = 65F227FC2609609300FAD094 /* SceneDelegate.swift */; };
		65F227FF2609609300FAD094 /* ViewController.swift in Sources */ = {isa = PBXBuildFile; fileRef = 65F227FE2609609300FAD094 /* ViewController.swift */; };
		65F228022609609300FAD094 /* Main.storyboard in Resources */ = {isa = PBXBuildFile; fileRef = 65F228002609609300FAD094 /* Main.storyboard */; };
		65F228052609609300FAD094 /* barcode.xcdatamodeld in Sources */ = {isa = PBXBuildFile; fileRef = 65F228032609609300FAD094 /* barcode.xcdatamodeld */; };
		65F228072609609400FAD094 /* Assets.xcassets in Resources */ = {isa = PBXBuildFile; fileRef = 65F228062609609400FAD094 /* Assets.xcassets */; };
		65F2280A2609609400FAD094 /* LaunchScreen.storyboard in Resources */ = {isa = PBXBuildFile; fileRef = 65F228082609609400FAD094 /* LaunchScreen.storyboard */; };
		DC178DD02100269C24EC7DD8 /* Pods_barcode.framework in Frameworks */ = {isa = PBXBuildFile; fileRef = ECE6270B14A096D381DC1121 /* Pods_barcode.framework */; };
/* End PBXBuildFile section */

/* Begin PBXFileReference section */
		5C659C6B70FAC3A449DD614F /* Pods-barcode.debug.xcconfig */ = {isa = PBXFileReference; includeInIndex = 1; lastKnownFileType = text.xcconfig; name = "Pods-barcode.debug.xcconfig"; path = "Target Support Files/Pods-barcode/Pods-barcode.debug.xcconfig"; sourceTree = "<group>"; };
		65F227F72609609300FAD094 /* barcode.app */ = {isa = PBXFileReference; explicitFileType = wrapper.application; includeInIndex = 0; path = barcode.app; sourceTree = BUILT_PRODUCTS_DIR; };
		65F227FA2609609300FAD094 /* AppDelegate.swift */ = {isa = PBXFileReference; lastKnownFileType = sourcecode.swift; path = AppDelegate.swift; sourceTree = "<group>"; };
		65F227FC2609609300FAD094 /* SceneDelegate.swift */ = {isa = PBXFileReference; lastKnownFileType = sourcecode.swift; path = SceneDelegate.swift; sourceTree = "<group>"; };
		65F227FE2609609300FAD094 /* ViewController.swift */ = {isa = PBXFileReference; lastKnownFileType = sourcecode.swift; path = ViewController.swift; sourceTree = "<group>"; };
		65F228012609609300FAD094 /* Base */ = {isa = PBXFileReference; lastKnownFileType = file.storyboard; name = Base; path = Base.lproj/Main.storyboard; sourceTree = "<group>"; };
		65F228042609609300FAD094 /* barcode.xcdatamodel */ = {isa = PBXFileReference; lastKnownFileType = wrapper.xcdatamodel; path = barcode.xcdatamodel; sourceTree = "<group>"; };
		65F228062609609400FAD094 /* Assets.xcassets */ = {isa = PBXFileReference; lastKnownFileType = folder.assetcatalog; path = Assets.xcassets; sourceTree = "<group>"; };
		65F228092609609400FAD094 /* Base */ = {isa = PBXFileReference; lastKnownFileType = file.storyboard; name = Base; path = Base.lproj/LaunchScreen.storyboard; sourceTree = "<group>"; };
		65F2280B2609609400FAD094 /* Info.plist */ = {isa = PBXFileReference; lastKnownFileType = text.plist.xml; path = Info.plist; sourceTree = "<group>"; };
		D4E3112B247918E818577C15 /* Pods-barcode.release.xcconfig */ = {isa = PBXFileReference; includeInIndex = 1; lastKnownFileType = text.xcconfig; name = "Pods-barcode.release.xcconfig"; path = "Target Support Files/Pods-barcode/Pods-barcode.release.xcconfig"; sourceTree = "<group>"; };
		ECE6270B14A096D381DC1121 /* Pods_barcode.framework */ = {isa = PBXFileReference; explicitFileType = wrapper.framework; includeInIndex = 0; path = Pods_barcode.framework; sourceTree = BUILT_PRODUCTS_DIR; };
/* End PBXFileReference section */

/* Begin PBXFrameworksBuildPhase section */
		65F227F42609609300FAD094 /* Frameworks */ = {
			isa = PBXFrameworksBuildPhase;
			buildActionMask = 2147483647;
			files = (
				DC178DD02100269C24EC7DD8 /* Pods_barcode.framework in Frameworks */,
			);
			runOnlyForDeploymentPostprocessing = 0;
		};
/* End PBXFrameworksBuildPhase section */

/* Begin PBXGroup section */
		13DA2F0B8780354E5EDC21BA /* Frameworks */ = {
			isa = PBXGroup;
			children = (
				ECE6270B14A096D381DC1121 /* Pods_barcode.framework */,
			);
			name = Frameworks;
			sourceTree = "<group>";
		};
		17BC6841D315AD498AE68A84 /* Pods */ = {
			isa = PBXGroup;
			children = (
				5C659C6B70FAC3A449DD614F /* Pods-barcode.debug.xcconfig */,
				D4E3112B247918E818577C15 /* Pods-barcode.release.xcconfig */,
			);
			name = Pods;
			path = Pods;
			sourceTree = "<group>";
		};
		65F227EE2609609300FAD094 = {
			isa = PBXGroup;
			children = (
				65F227F92609609300FAD094 /* barcode */,
				65F227F82609609300FAD094 /* Products */,
				17BC6841D315AD498AE68A84 /* Pods */,
				13DA2F0B8780354E5EDC21BA /* Frameworks */,
			);
			sourceTree = "<group>";
		};
		65F227F82609609300FAD094 /* Products */ = {
			isa = PBXGroup;
			children = (
				65F227F72609609300FAD094 /* barcode.app */,
			);
			name = Products;
			sourceTree = "<group>";
		};
		65F227F92609609300FAD094 /* barcode */ = {
			isa = PBXGroup;
			children = (
				65F227FA2609609300FAD094 /* AppDelegate.swift */,
				65F227FC2609609300FAD094 /* SceneDelegate.swift */,
				65F227FE2609609300FAD094 /* ViewController.swift */,
				65F228002609609300FAD094 /* Main.storyboard */,
				65F228062609609400FAD094 /* Assets.xcassets */,
				65F228082609609400FAD094 /* LaunchScreen.storyboard */,
				65F2280B2609609400FAD094 /* Info.plist */,
				65F228032609609300FAD094 /* barcode.xcdatamodeld */,
			);
			path = barcode;
			sourceTree = "<group>";
		};
/* End PBXGroup section */

/* Begin PBXNativeTarget section */
		65F227F62609609300FAD094 /* barcode */ = {
			isa = PBXNativeTarget;
			buildConfigurationList = 65F2280E2609609400FAD094 /* Build configuration list for PBXNativeTarget "barcode" */;
			buildPhases = (
				81CEAAD3603ABC11770B8330 /* [CP] Check Pods Manifest.lock */,
				65F227F32609609300FAD094 /* Sources */,
				65F227F42609609300FAD094 /* Frameworks */,
				65F227F52609609300FAD094 /* Resources */,
				29DED479FEA42BEB92605FCC /* [CP] Embed Pods Frameworks */,
			);
			buildRules = (
			);
			dependencies = (
			);
			name = barcode;
			productName = barcode;
			productReference = 65F227F72609609300FAD094 /* barcode.app */;
			productType = "com.apple.product-type.application";
		};
/* End PBXNativeTarget section */

/* Begin PBXProject section */
		65F227EF2609609300FAD094 /* Project object */ = {
			isa = PBXProject;
			attributes = {
				LastSwiftUpdateCheck = 1240;
				LastUpgradeCheck = 1240;
				TargetAttributes = {
					65F227F62609609300FAD094 = {
						CreatedOnToolsVersion = 12.4;
					};
				};
			};
			buildConfigurationList = 65F227F22609609300FAD094 /* Build configuration list for PBXProject "barcode" */;
			compatibilityVersion = "Xcode 9.3";
			developmentRegion = en;
			hasScannedForEncodings = 0;
			knownRegions = (
				en,
				Base,
			);
			mainGroup = 65F227EE2609609300FAD094;
			productRefGroup = 65F227F82609609300FAD094 /* Products */;
			projectDirPath = "";
			projectRoot = "";
			targets = (
				65F227F62609609300FAD094 /* barcode */,
			);
		};
/* End PBXProject section */

/* Begin PBXResourcesBuildPhase section */
		65F227F52609609300FAD094 /* Resources */ = {
			isa = PBXResourcesBuildPhase;
			buildActionMask = 2147483647;
			files = (
				65F2280A2609609400FAD094 /* LaunchScreen.storyboard in Resources */,
				65F228072609609400FAD094 /* Assets.xcassets in Resources */,
				65F228022609609300FAD094 /* Main.storyboard in Resources */,
			);
			runOnlyForDeploymentPostprocessing = 0;
		};
/* End PBXResourcesBuildPhase section */

/* Begin PBXShellScriptBuildPhase section */
		29DED479FEA42BEB92605FCC /* [CP] Embed Pods Frameworks */ = {
			isa = PBXShellScriptBuildPhase;
			buildActionMask = 2147483647;
			files = (
			);
			inputFileListPaths = (
				"${PODS_ROOT}/Target Support Files/Pods-barcode/Pods-barcode-frameworks-${CONFIGURATION}-input-files.xcfilelist",
			);
			name = "[CP] Embed Pods Frameworks";
			outputFileListPaths = (
				"${PODS_ROOT}/Target Support Files/Pods-barcode/Pods-barcode-frameworks-${CONFIGURATION}-output-files.xcfilelist",
			);
			runOnlyForDeploymentPostprocessing = 0;
			shellPath = /bin/sh;
			shellScript = "\"${PODS_ROOT}/Target Support Files/Pods-barcode/Pods-barcode-frameworks.sh\"\n";
			showEnvVarsInLog = 0;
		};
		81CEAAD3603ABC11770B8330 /* [CP] Check Pods Manifest.lock */ = {
			isa = PBXShellScriptBuildPhase;
			buildActionMask = 2147483647;
			files = (
			);
			inputFileListPaths = (
			);
			inputPaths = (
				"${PODS_PODFILE_DIR_PATH}/Podfile.lock",
				"${PODS_ROOT}/Manifest.lock",
			);
			name = "[CP] Check Pods Manifest.lock";
			outputFileListPaths = (
			);
			outputPaths = (
				"$(DERIVED_FILE_DIR)/Pods-barcode-checkManifestLockResult.txt",
			);
			runOnlyForDeploymentPostprocessing = 0;
			shellPath = /bin/sh;
			shellScript = "diff \"${PODS_PODFILE_DIR_PATH}/Podfile.lock\" \"${PODS_ROOT}/Manifest.lock\" > /dev/null\nif [ $? != 0 ] ; then\n    # print error to STDERR\n    echo \"error: The sandbox is not in sync with the Podfile.lock. Run 'pod install' or update your CocoaPods installation.\" >&2\n    exit 1\nfi\n# This output is used by Xcode 'outputs' to avoid re-running this script phase.\necho \"SUCCESS\" > \"${SCRIPT_OUTPUT_FILE_0}\"\n";
			showEnvVarsInLog = 0;
		};
/* End PBXShellScriptBuildPhase section */

/* Begin PBXSourcesBuildPhase section */
		65F227F32609609300FAD094 /* Sources */ = {
			isa = PBXSourcesBuildPhase;
			buildActionMask = 2147483647;
			files = (
				65F228052609609300FAD094 /* barcode.xcdatamodeld in Sources */,
				65F227FF2609609300FAD094 /* ViewController.swift in Sources */,
				65F227FB2609609300FAD094 /* AppDelegate.swift in Sources */,
				65F227FD2609609300FAD094 /* SceneDelegate.swift in Sources */,
			);
			runOnlyForDeploymentPostprocessing = 0;
		};
/* End PBXSourcesBuildPhase section */

/* Begin PBXVariantGroup section */
		65F228002609609300FAD094 /* Main.storyboard */ = {
			isa = PBXVariantGroup;
			children = (
				65F228012609609300FAD094 /* Base */,
			);
			name = Main.storyboard;
			sourceTree = "<group>";
		};
		65F228082609609400FAD094 /* LaunchScreen.storyboard */ = {
			isa = PBXVariantGroup;
			children = (
				65F228092609609400FAD094 /* Base */,
			);
			name = LaunchScreen.storyboard;
			sourceTree = "<group>";
		};
/* End PBXVariantGroup section */

/* Begin XCBuildConfiguration section */
		65F2280C2609609400FAD094 /* Debug */ = {
			isa = XCBuildConfiguration;
			buildSettings = {
				ALWAYS_SEARCH_USER_PATHS = NO;
				CLANG_ANALYZER_NONNULL = YES;
				CLANG_ANALYZER_NUMBER_OBJECT_CONVERSION = YES_AGGRESSIVE;
				CLANG_CXX_LANGUAGE_STANDARD = "gnu++14";
				CLANG_CXX_LIBRARY = "libc++";
				CLANG_ENABLE_MODULES = YES;
				CLANG_ENABLE_OBJC_ARC = YES;
				CLANG_ENABLE_OBJC_WEAK = YES;
				CLANG_WARN_BLOCK_CAPTURE_AUTORELEASING = YES;
				CLANG_WARN_BOOL_CONVERSION = YES;
				CLANG_WARN_COMMA = YES;
				CLANG_WARN_CONSTANT_CONVERSION = YES;
				CLANG_WARN_DEPRECATED_OBJC_IMPLEMENTATIONS = YES;
				CLANG_WARN_DIRECT_OBJC_ISA_USAGE = YES_ERROR;
				CLANG_WARN_DOCUMENTATION_COMMENTS = YES;
				CLANG_WARN_EMPTY_BODY = YES;
				CLANG_WARN_ENUM_CONVERSION = YES;
				CLANG_WARN_INFINITE_RECURSION = YES;
				CLANG_WARN_INT_CONVERSION = YES;
				CLANG_WARN_NON_LITERAL_NULL_CONVERSION = YES;
				CLANG_WARN_OBJC_IMPLICIT_RETAIN_SELF = YES;
				CLANG_WARN_OBJC_LITERAL_CONVERSION = YES;
				CLANG_WARN_OBJC_ROOT_CLASS = YES_ERROR;
				CLANG_WARN_QUOTED_INCLUDE_IN_FRAMEWORK_HEADER = YES;
				CLANG_WARN_RANGE_LOOP_ANALYSIS = YES;
				CLANG_WARN_STRICT_PROTOTYPES = YES;
				CLANG_WARN_SUSPICIOUS_MOVE = YES;
				CLANG_WARN_UNGUARDED_AVAILABILITY = YES_AGGRESSIVE;
				CLANG_WARN_UNREACHABLE_CODE = YES;
				CLANG_WARN__DUPLICATE_METHOD_MATCH = YES;
				COPY_PHASE_STRIP = NO;
				DEBUG_INFORMATION_FORMAT = dwarf;
				ENABLE_STRICT_OBJC_MSGSEND = YES;
				ENABLE_TESTABILITY = YES;
				GCC_C_LANGUAGE_STANDARD = gnu11;
				GCC_DYNAMIC_NO_PIC = NO;
				GCC_NO_COMMON_BLOCKS = YES;
				GCC_OPTIMIZATION_LEVEL = 0;
				GCC_PREPROCESSOR_DEFINITIONS = (
					"DEBUG=1",
					"$(inherited)",
				);
				GCC_WARN_64_TO_32_BIT_CONVERSION = YES;
				GCC_WARN_ABOUT_RETURN_TYPE = YES_ERROR;
				GCC_WARN_UNDECLARED_SELECTOR = YES;
				GCC_WARN_UNINITIALIZED_AUTOS = YES_AGGRESSIVE;
				GCC_WARN_UNUSED_FUNCTION = YES;
				GCC_WARN_UNUSED_VARIABLE = YES;
				IPHONEOS_DEPLOYMENT_TARGET = 14.4;
				MTL_ENABLE_DEBUG_INFO = INCLUDE_SOURCE;
				MTL_FAST_MATH = YES;
				ONLY_ACTIVE_ARCH = YES;
				SDKROOT = iphoneos;
				SWIFT_ACTIVE_COMPILATION_CONDITIONS = DEBUG;
				SWIFT_OPTIMIZATION_LEVEL = "-Onone";
			};
			name = Debug;
		};
		65F2280D2609609400FAD094 /* Release */ = {
			isa = XCBuildConfiguration;
			buildSettings = {
				ALWAYS_SEARCH_USER_PATHS = NO;
				CLANG_ANALYZER_NONNULL = YES;
				CLANG_ANALYZER_NUMBER_OBJECT_CONVERSION = YES_AGGRESSIVE;
				CLANG_CXX_LANGUAGE_STANDARD = "gnu++14";
				CLANG_CXX_LIBRARY = "libc++";
				CLANG_ENABLE_MODULES = YES;
				CLANG_ENABLE_OBJC_ARC = YES;
				CLANG_ENABLE_OBJC_WEAK = YES;
				CLANG_WARN_BLOCK_CAPTURE_AUTORELEASING = YES;
				CLANG_WARN_BOOL_CONVERSION = YES;
				CLANG_WARN_COMMA = YES;
				CLANG_WARN_CONSTANT_CONVERSION = YES;
				CLANG_WARN_DEPRECATED_OBJC_IMPLEMENTATIONS = YES;
				CLANG_WARN_DIRECT_OBJC_ISA_USAGE = YES_ERROR;
				CLANG_WARN_DOCUMENTATION_COMMENTS = YES;
				CLANG_WARN_EMPTY_BODY = YES;
				CLANG_WARN_ENUM_CONVERSION = YES;
				CLANG_WARN_INFINITE_RECURSION = YES;
				CLANG_WARN_INT_CONVERSION = YES;
				CLANG_WARN_NON_LITERAL_NULL_CONVERSION = YES;
				CLANG_WARN_OBJC_IMPLICIT_RETAIN_SELF = YES;
				CLANG_WARN_OBJC_LITERAL_CONVERSION = YES;
				CLANG_WARN_OBJC_ROOT_CLASS = YES_ERROR;
				CLANG_WARN_QUOTED_INCLUDE_IN_FRAMEWORK_HEADER = YES;
				CLANG_WARN_RANGE_LOOP_ANALYSIS = YES;
				CLANG_WARN_STRICT_PROTOTYPES = YES;
				CLANG_WARN_SUSPICIOUS_MOVE = YES;
				CLANG_WARN_UNGUARDED_AVAILABILITY = YES_AGGRESSIVE;
				CLANG_WARN_UNREACHABLE_CODE = YES;
				CLANG_WARN__DUPLICATE_METHOD_MATCH = YES;
				COPY_PHASE_STRIP = NO;
				DEBUG_INFORMATION_FORMAT = "dwarf-with-dsym";
				ENABLE_NS_ASSERTIONS = NO;
				ENABLE_STRICT_OBJC_MSGSEND = YES;
				GCC_C_LANGUAGE_STANDARD = gnu11;
				GCC_NO_COMMON_BLOCKS = YES;
				GCC_WARN_64_TO_32_BIT_CONVERSION = YES;
				GCC_WARN_ABOUT_RETURN_TYPE = YES_ERROR;
				GCC_WARN_UNDECLARED_SELECTOR = YES;
				GCC_WARN_UNINITIALIZED_AUTOS = YES_AGGRESSIVE;
				GCC_WARN_UNUSED_FUNCTION = YES;
				GCC_WARN_UNUSED_VARIABLE = YES;
				IPHONEOS_DEPLOYMENT_TARGET = 14.4;
				MTL_ENABLE_DEBUG_INFO = NO;
				MTL_FAST_MATH = YES;
				SDKROOT = iphoneos;
				SWIFT_COMPILATION_MODE = wholemodule;
				SWIFT_OPTIMIZATION_LEVEL = "-O";
				VALIDATE_PRODUCT = YES;
			};
			name = Release;
		};
		65F2280F2609609400FAD094 /* Debug */ = {
			isa = XCBuildConfiguration;
			baseConfigurationReference = 5C659C6B70FAC3A449DD614F /* Pods-barcode.debug.xcconfig */;
			buildSettings = {
				ASSETCATALOG_COMPILER_APPICON_NAME = AppIcon;
				ASSETCATALOG_COMPILER_GLOBAL_ACCENT_COLOR_NAME = AccentColor;
				CODE_SIGN_STYLE = Automatic;
				DEVELOPMENT_TEAM = 7E8WYBG3MZ;
				INFOPLIST_FILE = barcode/Info.plist;
				LD_RUNPATH_SEARCH_PATHS = (
					"$(inherited)",
					"@executable_path/Frameworks",
				);
				PRODUCT_BUNDLE_IDENTIFIER = uk.co.simonhanwilson.barcode;
				PRODUCT_NAME = "$(TARGET_NAME)";
				SWIFT_VERSION = 5.0;
				TARGETED_DEVICE_FAMILY = "1,2";
			};
			name = Debug;
		};
		65F228102609609400FAD094 /* Release */ = {
			isa = XCBuildConfiguration;
			baseConfigurationReference = D4E3112B247918E818577C15 /* Pods-barcode.release.xcconfig */;
			buildSettings = {
				ASSETCATALOG_COMPILER_APPICON_NAME = AppIcon;
				ASSETCATALOG_COMPILER_GLOBAL_ACCENT_COLOR_NAME = AccentColor;
				CODE_SIGN_STYLE = Automatic;
				DEVELOPMENT_TEAM = 7E8WYBG3MZ;
				INFOPLIST_FILE = barcode/Info.plist;
				LD_RUNPATH_SEARCH_PATHS = (
					"$(inherited)",
					"@executable_path/Frameworks",
				);
				PRODUCT_BUNDLE_IDENTIFIER = uk.co.simonhanwilson.barcode;
				PRODUCT_NAME = "$(TARGET_NAME)";
				SWIFT_VERSION = 5.0;
				TARGETED_DEVICE_FAMILY = "1,2";
			};
			name = Release;
		};
/* End XCBuildConfiguration section */

/* Begin XCConfigurationList section */
		65F227F22609609300FAD094 /* Build configuration list for PBXProject "barcode" */ = {
			isa = XCConfigurationList;
			buildConfigurations = (
				65F2280C2609609400FAD094 /* Debug */,
				65F2280D2609609400FAD094 /* Release */,
			);
			defaultConfigurationIsVisible = 0;
			defaultConfigurationName = Release;
		};
		65F2280E2609609400FAD094 /* Build configuration list for PBXNativeTarget "barcode" */ = {
			isa = XCConfigurationList;
			buildConfigurations = (
				65F2280F2609609400FAD094 /* Debug */,
				65F228102609609400FAD094 /* Release */,
			);
			defaultConfigurationIsVisible = 0;
			defaultConfigurationName = Release;
		};
/* End XCConfigurationList section */

/* Begin XCVersionGroup section */
		65F228032609609300FAD094 /* barcode.xcdatamodeld */ = {
			isa = XCVersionGroup;
			children = (
				65F228042609609300FAD094 /* barcode.xcdatamodel */,
			);
			currentVersion = 65F228042609609300FAD094 /* barcode.xcdatamodel */;
			path = barcode.xcdatamodeld;
			sourceTree = "<group>";
			versionGroupType = wrapper.xcdatamodel;
		};
/* End XCVersionGroup section */
	};
	rootObject = 65F227EF2609609300FAD094 /* Project object */;
}
